{
  "version": 4,
  "terraform_version": "1.14.3",
  "serial": 159,
  "lineage": "4562ffc4-4208-5234-daf5-99ffb8d792e9",
  "outputs": {},
  "resources": [
    {
      "mode": "managed",
      "type": "aws_internet_gateway",
      "name": "eventcart-igw",
      "provider": "provider[\"registry.terraform.io/hashicorp/aws\"]",
      "instances": [
        {
          "schema_version": 0,
          "attributes": {
            "arn": "arn:aws:ec2:us-east-1:221082203021:internet-gateway/igw-0af5fcb20056af84e",
            "id": "igw-0af5fcb20056af84e",
            "owner_id": "221082203021",
            "tags": {
              "Name": "eventcart-igw"
            },
            "tags_all": {
              "Name": "eventcart-igw"
            },
            "timeouts": null,
            "vpc_id": "vpc-015534d428a0838eb"
          },
          "sensitive_attributes": [],
          "identity_schema_version": 0,
          "private": "eyJlMmJmYjczMC1lY2FhLTExZTYtOGY4OC0zNDM2M2JjN2M0YzAiOnsiY3JlYXRlIjoxMjAwMDAwMDAwMDAwLCJkZWxldGUiOjEyMDAwMDAwMDAwMDAsInVwZGF0ZSI6MTIwMDAwMDAwMDAwMH19",
          "dependencies": [
            "aws_vpc.eventcart-vpc"
          ]
        }
      ]
    },
    {
      "mode": "managed",
      "type": "aws_route_table",
      "name": "eventcart-public-rt",
      "provider": "provider[\"registry.terraform.io/hashicorp/aws\"]",
      "instances": [
        {
          "schema_version": 0,
          "attributes": {
            "arn": "arn:aws:ec2:us-east-1:221082203021:route-table/rtb-0c75a1319413e9f36",
            "id": "rtb-0c75a1319413e9f36",
            "owner_id": "221082203021",
            "propagating_vgws": [],
            "route": [
              {
                "carrier_gateway_id": "",
                "cidr_block": "0.0.0.0/0",
                "core_network_arn": "",
                "destination_prefix_list_id": "",
                "egress_only_gateway_id": "",
                "gateway_id": "igw-0af5fcb20056af84e",
                "ipv6_cidr_block": "",
                "local_gateway_id": "",
                "nat_gateway_id": "",
                "network_interface_id": "",
                "transit_gateway_id": "",
                "vpc_endpoint_id": "",
                "vpc_peering_connection_id": ""
              }
            ],
            "tags": {
              "Name": "eventcart-public-rt"
            },
            "tags_all": {
              "Name": "eventcart-public-rt"
            },
            "timeouts": null,
            "vpc_id": "vpc-015534d428a0838eb"
          },
          "sensitive_attributes": [],
          "identity_schema_version": 0,
          "private": "eyJlMmJmYjczMC1lY2FhLTExZTYtOGY4OC0zNDM2M2JjN2M0YzAiOnsiY3JlYXRlIjozMDAwMDAwMDAwMDAsImRlbGV0ZSI6MzAwMDAwMDAwMDAwLCJ1cGRhdGUiOjEyMDAwMDAwMDAwMH19",
          "dependencies": [
            "aws_internet_gateway.eventcart-igw",
            "aws_vpc.eventcart-vpc"
          ]
        }
      ]
    },
    {
      "mode": "managed",
      "type": "aws_route_table_association",
      "name": "eventcart-rta-public-subent-1",
      "provider": "provider[\"registry.terraform.io/hashicorp/aws\"]",
      "instances": [
        {
          "schema_version": 0,
          "attributes": {
            "gateway_id": "",
            "id": "rtbassoc-0006a448ee1ece053",
            "route_table_id": "rtb-0c75a1319413e9f36",
            "subnet_id": "subnet-02445136345121b9a",
            "timeouts": null
          },
          "sensitive_attributes": [],
          "identity_schema_version": 0,
          "private": "eyJlMmJmYjczMC1lY2FhLTExZTYtOGY4OC0zNDM2M2JjN2M0YzAiOnsiY3JlYXRlIjozMDAwMDAwMDAwMDAsImRlbGV0ZSI6MzAwMDAwMDAwMDAwLCJ1cGRhdGUiOjEyMDAwMDAwMDAwMH19",
          "dependencies": [
            "aws_internet_gateway.eventcart-igw",
            "aws_route_table.eventcart-public-rt",
            "aws_subnet.eventcart-public_subent_01",
            "aws_vpc.eventcart-vpc"
          ]
        }
      ]
    },
    {
      "mode": "managed",
      "type": "aws_route_table_association",
      "name": "eventcart-rta-public-subent-2",
      "provider": "provider[\"registry.terraform.io/hashicorp/aws\"]",
      "instances": [
        {
          "schema_version": 0,
          "attributes": {
            "gateway_id": "",
            "id": "rtbassoc-04803749e1bbc21a5",
            "route_table_id": "rtb-0c75a1319413e9f36",
            "subnet_id": "subnet-0a99fee5cec253b1c",
            "timeouts": null
          },
          "sensitive_attributes": [],
          "identity_schema_version": 0,
          "private": "eyJlMmJmYjczMC1lY2FhLTExZTYtOGY4OC0zNDM2M2JjN2M0YzAiOnsiY3JlYXRlIjozMDAwMDAwMDAwMDAsImRlbGV0ZSI6MzAwMDAwMDAwMDAwLCJ1cGRhdGUiOjEyMDAwMDAwMDAwMH19",
          "dependencies": [
            "aws_internet_gateway.eventcart-igw",
            "aws_route_table.eventcart-public-rt",
            "aws_subnet.eventcart-public_subent_02",
            "aws_vpc.eventcart-vpc"
          ]
        }
      ]
    },
    {
      "mode": "managed",
      "type": "aws_subnet",
      "name": "eventcart-public_subent_01",
      "provider": "provider[\"registry.terraform.io/hashicorp/aws\"]",
      "instances": [
        {
          "schema_version": 1,
          "attributes": {
            "arn": "arn:aws:ec2:us-east-1:221082203021:subnet/subnet-02445136345121b9a",
            "assign_ipv6_address_on_creation": false,
            "availability_zone": "us-east-1a",
            "availability_zone_id": "use1-az2",
            "cidr_block": "10.1.1.0/24",
            "customer_owned_ipv4_pool": "",
            "enable_dns64": false,
            "enable_lni_at_device_index": 0,
            "enable_resource_name_dns_a_record_on_launch": false,
            "enable_resource_name_dns_aaaa_record_on_launch": false,
            "id": "subnet-02445136345121b9a",
            "ipv6_cidr_block": "",
            "ipv6_cidr_block_association_id": "",
            "ipv6_native": false,
            "map_customer_owned_ip_on_launch": false,
            "map_public_ip_on_launch": true,
            "outpost_arn": "",
            "owner_id": "221082203021",
            "private_dns_hostname_type_on_launch": "ip-name",
            "tags": {
              "Name": "eventcart-public_subent_01"
            },
            "tags_all": {
              "Name": "eventcart-public_subent_01"
            },
            "timeouts": null,
            "vpc_id": "vpc-015534d428a0838eb"
          },
          "sensitive_attributes": [],
          "identity_schema_version": 0,
          "private": "eyJlMmJmYjczMC1lY2FhLTExZTYtOGY4OC0zNDM2M2JjN2M0YzAiOnsiY3JlYXRlIjo2MDAwMDAwMDAwMDAsImRlbGV0ZSI6MTIwMDAwMDAwMDAwMH0sInNjaGVtYV92ZXJzaW9uIjoiMSJ9",
          "dependencies": [
            "aws_vpc.eventcart-vpc"
          ]
        }
      ]
    },
    {
      "mode": "managed",
      "type": "aws_subnet",
      "name": "eventcart-public_subent_02",
      "provider": "provider[\"registry.terraform.io/hashicorp/aws\"]",
      "instances": [
        {
          "schema_version": 1,
          "attributes": {
            "arn": "arn:aws:ec2:us-east-1:221082203021:subnet/subnet-0a99fee5cec253b1c",
            "assign_ipv6_address_on_creation": false,
            "availability_zone": "us-east-1b",
            "availability_zone_id": "use1-az4",
            "cidr_block": "10.1.2.0/24",
            "customer_owned_ipv4_pool": "",
            "enable_dns64": false,
            "enable_lni_at_device_index": 0,
            "enable_resource_name_dns_a_record_on_launch": false,
            "enable_resource_name_dns_aaaa_record_on_launch": false,
            "id": "subnet-0a99fee5cec253b1c",
            "ipv6_cidr_block": "",
            "ipv6_cidr_block_association_id": "",
            "ipv6_native": false,
            "map_customer_owned_ip_on_launch": false,
            "map_public_ip_on_launch": true,
            "outpost_arn": "",
            "owner_id": "221082203021",
            "private_dns_hostname_type_on_launch": "ip-name",
            "tags": {
              "Name": "eventcart-public_subent_02"
            },
            "tags_all": {
              "Name": "eventcart-public_subent_02"
            },
            "timeouts": null,
            "vpc_id": "vpc-015534d428a0838eb"
          },
          "sensitive_attributes": [],
          "identity_schema_version": 0,
          "private": "eyJlMmJmYjczMC1lY2FhLTExZTYtOGY4OC0zNDM2M2JjN2M0YzAiOnsiY3JlYXRlIjo2MDAwMDAwMDAwMDAsImRlbGV0ZSI6MTIwMDAwMDAwMDAwMH0sInNjaGVtYV92ZXJzaW9uIjoiMSJ9",
          "dependencies": [
            "aws_vpc.eventcart-vpc"
          ]
        }
      ]
    },
    {
      "mode": "managed",
      "type": "aws_vpc",
      "name": "eventcart-vpc",
      "provider": "provider[\"registry.terraform.io/hashicorp/aws\"]",
      "instances": [
        {
          "schema_version": 1,
          "attributes": {
            "arn": "arn:aws:ec2:us-east-1:221082203021:vpc/vpc-015534d428a0838eb",
            "assign_generated_ipv6_cidr_block": false,
            "cidr_block": "10.1.0.0/16",
            "default_network_acl_id": "acl-08b2db86decaddaa0",
            "default_route_table_id": "rtb-0c2036577fa73ccb2",
            "default_security_group_id": "sg-0415d45da71d106e0",
            "dhcp_options_id": "dopt-038057c8534fdda15",
            "enable_dns_hostnames": false,
            "enable_dns_support": true,
            "enable_network_address_usage_metrics": false,
            "id": "vpc-015534d428a0838eb",
            "instance_tenancy": "default",
            "ipv4_ipam_pool_id": null,
            "ipv4_netmask_length": null,
            "ipv6_association_id": "",
            "ipv6_cidr_block": "",
            "ipv6_cidr_block_network_border_group": "",
            "ipv6_ipam_pool_id": "",
            "ipv6_netmask_length": 0,
            "main_route_table_id": "rtb-0c2036577fa73ccb2",
            "owner_id": "221082203021",
            "tags": {
              "Name": "eventcart-vpc"
            },
            "tags_all": {
              "Name": "eventcart-vpc"
            }
          },
          "sensitive_attributes": [],
          "identity_schema_version": 0,
          "private": "eyJzY2hlbWFfdmVyc2lvbiI6IjEifQ=="
        }
      ]
    },
    {
      "module": "module.eks",
      "mode": "managed",
      "type": "aws_eks_cluster",
      "name": "eks",
      "provider": "provider[\"registry.terraform.io/hashicorp/aws\"]",
      "instances": [
        {
          "schema_version": 0,
          "attributes": {
            "arn": "arn:aws:eks:us-east-1:221082203021:cluster/eventcart-eks-01",
            "certificate_authority": [
              {
                "data": "LS0tLS1CRUdJTiBDRVJUSUZJQ0FURS0tLS0tCk1JSURCVENDQWUyZ0F3SUJBZ0lJTy8rTXJ5ZTRsUUV3RFFZSktvWklodmNOQVFFTEJRQXdGVEVUTUJFR0ExVUUKQXhNS2EzVmlaWEp1WlhSbGN6QWVGdzB5TmpBeE1UUXhNek13TkRaYUZ3MHpOakF4TVRJeE16TTFORFphTUJVeApFekFSQmdOVkJBTVRDbXQxWW1WeWJtVjBaWE13Z2dFaU1BMEdDU3FHU0liM0RRRUJBUVVBQTRJQkR3QXdnZ0VLCkFvSUJBUUNzeEFMODNsYmd5dHFyM2tTQjJ2ejRHYTNyWDN5NDNxLytudjYwbUNVYjdBVkRTamJQeU00V3dnYTcKRGNZbmwzWEtITzI0QU9JaWh5OFZyc1h4WTkzN05URCswOXRCL0h1OVgzL1hPcFdOaW04bVhNTFFSVk5vK01XTgpuUG5MczUwM2RVRGZPWGlObzI4MEorRWo3THFuaW1DLzI0ZXlScWtIeWx3MThOdnVOaHNZYm1hUVNYR084L1J6CmxLVVhxejZiRC9tbFh0MjlVY1pKbFI4Tjh1bW1xSjZMNnB1VnA2QVJHdkxnSEphSk8zR1VPbmhYTGJYMEtCMnAKeFVXOEZKTndpMFk0V1VFRDBmbC95T0tsZC8xM3J1Si9aR0t2QW41Q3JFUFV0ZnI2Kzg0ZlNlM21valNMUVdhaQpwUnFRajJRSVNHSFdKVEk5aWd5TUNwUjNTTVVaQWdNQkFBR2pXVEJYTUE0R0ExVWREd0VCL3dRRUF3SUNwREFQCkJnTlZIUk1CQWY4RUJUQURBUUgvTUIwR0ExVWREZ1FXQkJSWC9OQmF2d2dENURhZUh2aEtabTVIRkdJN0FqQVYKQmdOVkhSRUVEakFNZ2dwcmRXSmxjbTVsZEdWek1BMEdDU3FHU0liM0RRRUJDd1VBQTRJQkFRQlZlNDFoSEFWVAo4elp5SzQxWmxiTWxJZStxZS9IY1J0emx6a3UyWjVGVWlMMTVKWFIrSkk0V0QvQ2thK0cwdnpMK1hZQjI0eGhzCnQxRFNvWm1xeEN0enE1TzBBZjd0bGgxMjU0RFpGTUViNFViRm9jUGhYcUJSMDJoK1Bob1crWFgwNkFyTGtTVFIKOEhDazJJSHBkbnovMjR6TG9WZUNpNnpJTFIxbVRLeERkMzVEMS80WXF2b3l2QncrODRCR1lyN0t5eGhibEVRbgozVExTRUJFbGFjZjJ5T0RnVkROdWovRHhFVkJNRzRtWjQ3aVZ2YlQ3QU5BOFpTWEtHQ25JM04vUEIrc2dXTnNDCjVSRkNHc0ZvYlZ3cHdTakIyeGgyYXUvMU9wK1RtZTU4bkpuU3c0SHRJejQxUEpMYmJsREVjMVQzQkZwbEk3b1EKbUFyT0k1L1FaOWw5Ci0tLS0tRU5EIENFUlRJRklDQVRFLS0tLS0K"
              }
            ],
            "cluster_id": null,
            "created_at": "2026-01-14 13:29:19.465 +0000 UTC",
            "enabled_cluster_log_types": null,
            "encryption_config": [],
            "endpoint": "https://8F061DD63A8D08B88F191E2B131F94F7.gr7.us-east-1.eks.amazonaws.com",
            "id": "eventcart-eks-01",
            "identity": [
              {
                "oidc": [
                  {
                    "issuer": "https://oidc.eks.us-east-1.amazonaws.com/id/8F061DD63A8D08B88F191E2B131F94F7"
                  }
                ]
              }
            ],
            "kubernetes_network_config": [
              {
                "ip_family": "ipv4",
                "service_ipv4_cidr": "172.20.0.0/16",
                "service_ipv6_cidr": ""
              }
            ],
            "name": "eventcart-eks-01",
            "outpost_config": [],
            "platform_version": "eks.10",
            "role_arn": "arn:aws:iam::221082203021:role/ed-eks-master",
            "status": "ACTIVE",
            "tags": null,
            "tags_all": {},
            "timeouts": null,
            "version": "1.34",
            "vpc_config": [
              {
                "cluster_security_group_id": "sg-05d3ccb4a585fac53",
                "endpoint_private_access": false,
                "endpoint_public_access": true,
                "public_access_cidrs": [
                  "0.0.0.0/0"
                ],
                "security_group_ids": null,
                "subnet_ids": [
                  "subnet-02445136345121b9a",
                  "subnet-0a99fee5cec253b1c"
                ],
                "vpc_id": "vpc-015534d428a0838eb"
              }
            ]
          },
          "sensitive_attributes": [],
          "identity_schema_version": 0,
          "private": "eyJlMmJmYjczMC1lY2FhLTExZTYtOGY4OC0zNDM2M2JjN2M0YzAiOnsiY3JlYXRlIjoxODAwMDAwMDAwMDAwLCJkZWxldGUiOjkwMDAwMDAwMDAwMCwidXBkYXRlIjozNjAwMDAwMDAwMDAwfX0=",
          "dependencies": [
            "aws_subnet.eventcart-public_subent_01",
            "aws_subnet.eventcart-public_subent_02",
            "aws_vpc.eventcart-vpc",
            "module.eks.aws_iam_role.master",
            "module.eks.aws_iam_role_policy_attachment.AmazonEKSClusterPolicy",
            "module.eks.aws_iam_role_policy_attachment.AmazonEKSServicePolicy",
            "module.eks.aws_iam_role_policy_attachment.AmazonEKSVPCResourceController"
          ]
        }
      ]
    },
    {
      "module": "module.eks",
      "mode": "managed",
      "type": "aws_eks_node_group",
      "name": "backend",
      "provider": "provider[\"registry.terraform.io/hashicorp/aws\"]",
      "instances": [
        {
          "schema_version": 0,
          "attributes": {
            "ami_type": "AL2023_x86_64_STANDARD",
            "arn": "arn:aws:eks:us-east-1:221082203021:nodegroup/eventcart-eks-01/dev/80cdde5c-fd4c-51dc-5c7e-569856c721e1",
            "capacity_type": "ON_DEMAND",
            "cluster_name": "eventcart-eks-01",
            "disk_size": 20,
            "force_update_version": null,
            "id": "eventcart-eks-01:dev",
            "instance_types": [
              "t2.small"
            ],
            "labels": {
              "env": "dev"
            },
            "launch_template": [],
            "node_group_name": "dev",
            "node_group_name_prefix": "",
            "node_role_arn": "arn:aws:iam::221082203021:role/ed-eks-worker",
            "release_version": "1.34.2-20260107",
            "remote_access": [
              {
                "ec2_ssh_key": "devops",
                "source_security_group_ids": [
                  "sg-089b24677d4bb17da"
                ]
              }
            ],
            "resources": [
              {
                "autoscaling_groups": [
                  {
                    "name": "eks-dev-80cdde5c-fd4c-51dc-5c7e-569856c721e1"
                  }
                ],
                "remote_access_security_group_id": "sg-0b1d6fae2c0368790"
              }
            ],
            "scaling_config": [
              {
                "desired_size": 2,
                "max_size": 3,
                "min_size": 1
              }
            ],
            "status": "ACTIVE",
            "subnet_ids": [
              "subnet-02445136345121b9a",
              "subnet-0a99fee5cec253b1c"
            ],
            "tags": null,
            "tags_all": {},
            "taint": [],
            "timeouts": null,
            "update_config": [
              {
                "max_unavailable": 1,
                "max_unavailable_percentage": 0
              }
            ],
            "version": "1.34"
          },
          "sensitive_attributes": [],
          "identity_schema_version": 0,
          "private": "eyJlMmJmYjczMC1lY2FhLTExZTYtOGY4OC0zNDM2M2JjN2M0YzAiOnsiY3JlYXRlIjozNjAwMDAwMDAwMDAwLCJkZWxldGUiOjM2MDAwMDAwMDAwMDAsInVwZGF0ZSI6MzYwMDAwMDAwMDAwMH19",
          "dependencies": [
            "aws_subnet.eventcart-public_subent_01",
            "aws_subnet.eventcart-public_subent_02",
            "aws_vpc.eventcart-vpc",
            "module.eks.aws_eks_cluster.eks",
            "module.eks.aws_iam_role.master",
            "module.eks.aws_iam_role.worker",
            "module.eks.aws_iam_role_policy_attachment.AmazonEC2ContainerRegistryReadOnly",
            "module.eks.aws_iam_role_policy_attachment.AmazonEKSClusterPolicy",
            "module.eks.aws_iam_role_policy_attachment.AmazonEKSServicePolicy",
            "module.eks.aws_iam_role_policy_attachment.AmazonEKSVPCResourceController",
            "module.eks.aws_iam_role_policy_attachment.AmazonEKSWorkerNodePolicy",
            "module.eks.aws_iam_role_policy_attachment.AmazonEKS_CNI_Policy",
            "module.sgs.aws_security_group.worker_node_sg"
          ]
        }
      ]
    },
    {
      "module": "module.eks",
      "mode": "managed",
      "type": "aws_iam_instance_profile",
      "name": "worker",
      "provider": "provider[\"registry.terraform.io/hashicorp/aws\"]",
      "instances": [
        {
          "schema_version": 0,
          "attributes": {
            "arn": "arn:aws:iam::221082203021:instance-profile/ed-eks-worker-new-profile",
            "create_date": "2026-01-14T13:29:01Z",
            "id": "ed-eks-worker-new-profile",
            "name": "ed-eks-worker-new-profile",
            "name_prefix": "",
            "path": "/",
            "role": "ed-eks-worker",
            "tags": null,
            "tags_all": {},
            "unique_id": "AIPATG6MGWOG6CR5VNN6P"
          },
          "sensitive_attributes": [],
          "identity_schema_version": 0,
          "private": "bnVsbA==",
          "dependencies": [
            "module.eks.aws_iam_role.worker"
          ]
        }
      ]
    },
    {
      "module": "module.eks",
      "mode": "managed",
      "type": "aws_iam_policy",
      "name": "autoscaler",
      "provider": "provider[\"registry.terraform.io/hashicorp/aws\"]",
      "instances": [
        {
          "schema_version": 0,
          "attributes": {
            "arn": "arn:aws:iam::221082203021:policy/ed-eks-autoscaler-policy",
            "description": "",
            "id": "arn:aws:iam::221082203021:policy/ed-eks-autoscaler-policy",
            "name": "ed-eks-autoscaler-policy",
            "name_prefix": "",
            "path": "/",
            "policy": "{\"Statement\":[{\"Action\":[\"autoscaling:DescribeAutoScalingGroups\",\"autoscaling:DescribeAutoScalingInstances\",\"autoscaling:DescribeTags\",\"autoscaling:DescribeLaunchConfigurations\",\"autoscaling:SetDesiredCapacity\",\"autoscaling:TerminateInstanceInAutoScalingGroup\",\"ec2:DescribeLaunchTemplateVersions\"],\"Effect\":\"Allow\",\"Resource\":\"*\"}],\"Version\":\"2012-10-17\"}",
            "policy_id": "ANPATG6MGWOGXVFGH2MZY",
            "tags": null,
            "tags_all": {}
          },
          "sensitive_attributes": [],
          "identity_schema_version": 0,
          "private": "bnVsbA=="
        }
      ]
    },
    {
      "module": "module.eks",
      "mode": "managed",
      "type": "aws_iam_role",
      "name": "master",
      "provider": "provider[\"registry.terraform.io/hashicorp/aws\"]",
      "instances": [
        {
          "schema_version": 0,
          "attributes": {
            "arn": "arn:aws:iam::221082203021:role/ed-eks-master",
            "assume_role_policy": "{\"Statement\":[{\"Action\":\"sts:AssumeRole\",\"Effect\":\"Allow\",\"Principal\":{\"Service\":\"eks.amazonaws.com\"}}],\"Version\":\"2012-10-17\"}",
            "create_date": "2026-01-14T13:29:00Z",
            "description": "",
            "force_detach_policies": false,
            "id": "ed-eks-master",
            "inline_policy": [],
            "managed_policy_arns": [],
            "max_session_duration": 3600,
            "name": "ed-eks-master",
            "name_prefix": "",
            "path": "/",
            "permissions_boundary": "",
            "tags": null,
            "tags_all": {},
            "unique_id": "AROATG6MGWOGRGXA2D3FI"
          },
          "sensitive_attributes": [],
          "identity_schema_version": 0,
          "private": "bnVsbA=="
        }
      ]
    },
    {
      "module": "module.eks",
      "mode": "managed",
      "type": "aws_iam_role",
      "name": "worker",
      "provider": "provider[\"registry.terraform.io/hashicorp/aws\"]",
      "instances": [
        {
          "schema_version": 0,
          "attributes": {
            "arn": "arn:aws:iam::221082203021:role/ed-eks-worker",
            "assume_role_policy": "{\"Statement\":[{\"Action\":\"sts:AssumeRole\",\"Effect\":\"Allow\",\"Principal\":{\"Service\":\"ec2.amazonaws.com\"}}],\"Version\":\"2012-10-17\"}",
            "create_date": "2026-01-14T13:29:00Z",
            "description": "",
            "force_detach_policies": false,
            "id": "ed-eks-worker",
            "inline_policy": [],
            "managed_policy_arns": [],
            "max_session_duration": 3600,
            "name": "ed-eks-worker",
            "name_prefix": "",
            "path": "/",
            "permissions_boundary": "",
            "tags": null,
            "tags_all": {},
            "unique_id": "AROATG6MGWOGYF2I4GUWY"
          },
          "sensitive_attributes": [],
          "identity_schema_version": 0,
          "private": "bnVsbA=="
        }
      ]
    },
    {
      "module": "module.eks",
      "mode": "managed",
      "type": "aws_iam_role_policy_attachment",
      "name": "AmazonEC2ContainerRegistryReadOnly",
      "provider": "provider[\"registry.terraform.io/hashicorp/aws\"]",
      "instances": [
        {
          "schema_version": 0,
          "attributes": {
            "id": "ed-eks-worker-20260114132901825300000001",
            "policy_arn": "arn:aws:iam::aws:policy/AmazonEC2ContainerRegistryReadOnly",
            "role": "ed-eks-worker"
          },
          "sensitive_attributes": [],
          "identity_schema_version": 0,
          "private": "bnVsbA==",
          "dependencies": [
            "module.eks.aws_iam_role.worker"
          ]
        }
      ]
    },
    {
      "module": "module.eks",
      "mode": "managed",
      "type": "aws_iam_role_policy_attachment",
      "name": "AmazonEKSClusterPolicy",
      "provider": "provider[\"registry.terraform.io/hashicorp/aws\"]",
      "instances": [
        {
          "schema_version": 0,
          "attributes": {
            "id": "ed-eks-master-2026011413290282230000000a",
            "policy_arn": "arn:aws:iam::aws:policy/AmazonEKSClusterPolicy",
            "role": "ed-eks-master"
          },
          "sensitive_attributes": [],
          "identity_schema_version": 0,
          "private": "bnVsbA==",
          "dependencies": [
            "module.eks.aws_iam_role.master"
          ]
        }
      ]
    },
    {
      "module": "module.eks",
      "mode": "managed",
      "type": "aws_iam_role_policy_attachment",
      "name": "AmazonEKSServicePolicy",
      "provider": "provider[\"registry.terraform.io/hashicorp/aws\"]",
      "instances": [
        {
          "schema_version": 0,
          "attributes": {
            "id": "ed-eks-master-20260114132902539000000008",
            "policy_arn": "arn:aws:iam::aws:policy/AmazonEKSServicePolicy",
            "role": "ed-eks-master"
          },
          "sensitive_attributes": [],
          "identity_schema_version": 0,
          "private": "bnVsbA==",
          "dependencies": [
            "module.eks.aws_iam_role.master"
          ]
        }
      ]
    },
    {
      "module": "module.eks",
      "mode": "managed",
      "type": "aws_iam_role_policy_attachment",
      "name": "AmazonEKSVPCResourceController",
      "provider": "provider[\"registry.terraform.io/hashicorp/aws\"]",
      "instances": [
        {
          "schema_version": 0,
          "attributes": {
            "id": "ed-eks-master-20260114132902803600000009",
            "policy_arn": "arn:aws:iam::aws:policy/AmazonEKSVPCResourceController",
            "role": "ed-eks-master"
          },
          "sensitive_attributes": [],
          "identity_schema_version": 0,
          "private": "bnVsbA==",
          "dependencies": [
            "module.eks.aws_iam_role.master"
          ]
        }
      ]
    },
    {
      "module": "module.eks",
      "mode": "managed",
      "type": "aws_iam_role_policy_attachment",
      "name": "AmazonEKSWorkerNodePolicy",
      "provider": "provider[\"registry.terraform.io/hashicorp/aws\"]",
      "instances": [
        {
          "schema_version": 0,
          "attributes": {
            "id": "ed-eks-worker-20260114132902402100000007",
            "policy_arn": "arn:aws:iam::aws:policy/AmazonEKSWorkerNodePolicy",
            "role": "ed-eks-worker"
          },
          "sensitive_attributes": [],
          "identity_schema_version": 0,
          "private": "bnVsbA==",
          "dependencies": [
            "module.eks.aws_iam_role.worker"
          ]
        }
      ]
    },
    {
      "module": "module.eks",
      "mode": "managed",
      "type": "aws_iam_role_policy_attachment",
      "name": "AmazonEKS_CNI_Policy",
      "provider": "provider[\"registry.terraform.io/hashicorp/aws\"]",
      "instances": [
        {
          "schema_version": 0,
          "attributes": {
            "id": "ed-eks-worker-20260114132902109100000004",
            "policy_arn": "arn:aws:iam::aws:policy/AmazonEKS_CNI_Policy",
            "role": "ed-eks-worker"
          },
          "sensitive_attributes": [],
          "identity_schema_version": 0,
          "private": "bnVsbA==",
          "dependencies": [
            "module.eks.aws_iam_role.worker"
          ]
        }
      ]
    },
    {
      "module": "module.eks",
      "mode": "managed",
      "type": "aws_iam_role_policy_attachment",
      "name": "AmazonSSMManagedInstanceCore",
      "provider": "provider[\"registry.terraform.io/hashicorp/aws\"]",
      "instances": [
        {
          "schema_version": 0,
          "attributes": {
            "id": "ed-eks-worker-20260114132902010400000002",
            "policy_arn": "arn:aws:iam::aws:policy/AmazonSSMManagedInstanceCore",
            "role": "ed-eks-worker"
          },
          "sensitive_attributes": [],
          "identity_schema_version": 0,
          "private": "bnVsbA==",
          "dependencies": [
            "module.eks.aws_iam_role.worker"
          ]
        }
      ]
    },
    {
      "module": "module.eks",
      "mode": "managed",
      "type": "aws_iam_role_policy_attachment",
      "name": "autoscaler",
      "provider": "provider[\"registry.terraform.io/hashicorp/aws\"]",
      "instances": [
        {
          "schema_version": 0,
          "attributes": {
            "id": "ed-eks-worker-20260114132902329700000006",
            "policy_arn": "arn:aws:iam::221082203021:policy/ed-eks-autoscaler-policy",
            "role": "ed-eks-worker"
          },
          "sensitive_attributes": [],
          "identity_schema_version": 0,
          "private": "bnVsbA==",
          "dependencies": [
            "module.eks.aws_iam_policy.autoscaler",
            "module.eks.aws_iam_role.worker"
          ]
        }
      ]
    },
    {
      "module": "module.eks",
      "mode": "managed",
      "type": "aws_iam_role_policy_attachment",
      "name": "s3",
      "provider": "provider[\"registry.terraform.io/hashicorp/aws\"]",
      "instances": [
        {
          "schema_version": 0,
          "attributes": {
            "id": "ed-eks-worker-20260114132902063400000003",
            "policy_arn": "arn:aws:iam::aws:policy/AmazonS3ReadOnlyAccess",
            "role": "ed-eks-worker"
          },
          "sensitive_attributes": [],
          "identity_schema_version": 0,
          "private": "bnVsbA==",
          "dependencies": [
            "module.eks.aws_iam_role.worker"
          ]
        }
      ]
    },
    {
      "module": "module.eks",
      "mode": "managed",
      "type": "aws_iam_role_policy_attachment",
      "name": "x-ray",
      "provider": "provider[\"registry.terraform.io/hashicorp/aws\"]",
      "instances": [
        {
          "schema_version": 0,
          "attributes": {
            "id": "ed-eks-worker-20260114132902294100000005",
            "policy_arn": "arn:aws:iam::aws:policy/AWSXRayDaemonWriteAccess",
            "role": "ed-eks-worker"
          },
          "sensitive_attributes": [],
          "identity_schema_version": 0,
          "private": "bnVsbA==",
          "dependencies": [
            "module.eks.aws_iam_role.worker"
          ]
        }
      ]
    },
    {
      "module": "module.sgs",
      "mode": "managed",
      "type": "aws_security_group",
      "name": "worker_node_sg",
      "provider": "provider[\"registry.terraform.io/hashicorp/aws\"]",
      "instances": [
        {
          "schema_version": 1,
          "attributes": {
            "arn": "arn:aws:ec2:us-east-1:221082203021:security-group/sg-089b24677d4bb17da",
            "description": "Allow ssh inbound traffic",
            "egress": [
              {
                "cidr_blocks": [
                  "0.0.0.0/0"
                ],
                "description": "",
                "from_port": 0,
                "ipv6_cidr_blocks": [],
                "prefix_list_ids": [],
                "protocol": "-1",
                "security_groups": [],
                "self": false,
                "to_port": 0
              }
            ],
            "id": "sg-089b24677d4bb17da",
            "ingress": [
              {
                "cidr_blocks": [
                  "0.0.0.0/0"
                ],
                "description": "ssh access to public",
                "from_port": 22,
                "ipv6_cidr_blocks": [],
                "prefix_list_ids": [],
                "protocol": "tcp",
                "security_groups": [],
                "self": false,
                "to_port": 22
              }
            ],
            "name": "eks-test",
            "name_prefix": "",
            "owner_id": "221082203021",
            "revoke_rules_on_delete": false,
            "tags": null,
            "tags_all": {},
            "timeouts": null,
            "vpc_id": "vpc-015534d428a0838eb"
          },
          "sensitive_attributes": [],
          "identity_schema_version": 0,
          "private": "eyJlMmJmYjczMC1lY2FhLTExZTYtOGY4OC0zNDM2M2JjN2M0YzAiOnsiY3JlYXRlIjo2MDAwMDAwMDAwMDAsImRlbGV0ZSI6OTAwMDAwMDAwMDAwfSwic2NoZW1hX3ZlcnNpb24iOiIxIn0=",
          "dependencies": [
            "aws_vpc.eventcart-vpc"
          ]
        }
      ]
    }
  ],
  "check_results": null
}
